{
  "name": "libaraxia",
  "version": "1.0.0",
  "lockfileVersion": 3,
  "requires": true,
  "packages": {
    "": {
      "name": "libaraxia",
      "version": "1.0.0",
      "license": "ISC",
      "dependencies": {
        "@fontsource-variable/crimson-pro": "^5.1.1",
        "@fontsource-variable/outfit": "^5.1.1"
      }
    },
    "node_modules/@fontsource-variable/crimson-pro": {
      "version": "5.1.1",
      "resolved": "https://registry.npmjs.org/@fontsource-variable/crimson-pro/-/crimson-pro-5.1.1.tgz",
      "integrity": "sha512-q610vF4GVQo33g/DwbCAoxPX1KfJLBb+6iEMQ1VEPOv2PCXCpayuO0+fToo2ABoFoThg9HqPyENWSp9Z0aJ95Q==",
      "license": "OFL-1.1"
    },
    "node_modules/@fontsource-variable/outfit": {
      "version": "5.1.1",
      "resolved": "https://registry.npmjs.org/@fontsource-variable/outfit/-/outfit-5.1.1.tgz",
      "integrity": "sha512-XuzmITw6zWt3nUINJVAk99f0TgXJ9ZCt3qERAr0t89Em6RbqQ4x6skmxsIgjzkLHVzmoqf3AzCbxvpk/kNnu5A==",
      "license": "OFL-1.1"
    }
  }
}
